PODS:
  - Alamofire (4.4.0)
  - AlamofireObjectMapper (4.1.0):
    - Alamofire (~> 4.1)
    - ObjectMapper (~> 2.0)
  - Cartography (1.1.0)
  - Kingfisher (3.6.2)
  - ObjectMapper (2.2.6)
  - RxAlamofire (3.0.2):
    - RxAlamofire/Core (= 3.0.2)
  - RxAlamofire/Core (3.0.2):
    - Alamofire (~> 4.0)
    - RxSwift (~> 3.0)
  - RxSwift (3.4.0)
  - SwiftMessages (3.3.3)

DEPENDENCIES:
  - Alamofire
  - AlamofireObjectMapper
  - Cartography
  - Kingfisher
  - ObjectMapper
  - RxAlamofire
  - RxSwift
  - SwiftMessages

SPEC CHECKSUMS:
  Alamofire: dc44b1600b800eb63da6a19039a0083d62a6a62d
  AlamofireObjectMapper: 435adc82f5b367679bd9e71c4974a54efd0b2521
  Cartography: 0538ccb4044acbbda2266335fc58cb4228794d90
  Kingfisher: 2c94e72c6830622c71d06adf4ea024c37d316830
  ObjectMapper: 042708195cc46c20871cbcbec0453826398273fd
  RxAlamofire: bc53604b29fd2d220cfaa490c736cc4500819f34
  RxSwift: 3789a1af753002a14edecdb698a2424624296a9c
  SwiftMessages: 09cea3336e3fb63c3578983c8aac65acaa6d884a

PODFILE CHECKSUM: 06ff22ed3104410ba73a9ed8ff6a52de57551e1e

COCOAPODS: 1.0.1
